
Microsoft Visual Studio Solution File, Format Version 12.00
# Visual Studio 15
VisualStudioVersion = 15.0.28306.52
MinimumVisualStudioVersion = 10.0.40219.1
Project("{FAE04EC0-301F-11D3-BF4B-00C04F79EFBC}") = "Sudoku.Web", "Sudoku.Web\Sudoku.Web.csproj", "{6865CA99-09C5-42BE-9C03-A0D3D0C1C980}"
EndProject
Project("{FAE04EC0-301F-11D3-BF4B-00C04F79EFBC}") = "Sudoku.Functions", "Sudoku.Functions\Sudoku.Functions.csproj", "{669A1387-C224-4A2C-BB65-F589BAD606A7}"
EndProject
Global
	GlobalSection(SolutionConfigurationPlatforms) = preSolution
		Debug|Any CPU = Debug|Any CPU
		Release|Any CPU = Release|Any CPU
	EndGlobalSection
	GlobalSection(ProjectConfigurationPlatforms) = postSolution
		{6865CA99-09C5-42BE-9C03-A0D3D0C1C980}.Debug|Any CPU.ActiveCfg = Debug|Any CPU
		{6865CA99-09C5-42BE-9C03-A0D3D0C1C980}.Debug|Any CPU.Build.0 = Debug|Any CPU
		{6865CA99-09C5-42BE-9C03-A0D3D0C1C980}.Release|Any CPU.ActiveCfg = Release|Any CPU
		{6865CA99-09C5-42BE-9C03-A0D3D0C1C980}.Release|Any CPU.Build.0 = Release|Any CPU
		{669A1387-C224-4A2C-BB65-F589BAD606A7}.Debug|Any CPU.ActiveCfg = Debug|Any CPU
		{669A1387-C224-4A2C-BB65-F589BAD606A7}.Debug|Any CPU.Build.0 = Debug|Any CPU
		{669A1387-C224-4A2C-BB65-F589BAD606A7}.Release|Any CPU.ActiveCfg = Release|Any CPU
		{669A1387-C224-4A2C-BB65-F589BAD606A7}.Release|Any CPU.Build.0 = Release|Any CPU
	EndGlobalSection
	GlobalSection(SolutionProperties) = preSolution
		HideSolutionNode = FALSE
	EndGlobalSection
	GlobalSection(ExtensibilityGlobals) = postSolution
		SolutionGuid = {1E54093C-F3B5-4EE1-929B-FC1C01D41A43}
	EndGlobalSection
EndGlobal
